// !$*UTF8*$!
{
	archiveVersion = 1;
	classes = {
	};
	objectVersion = 50;
	objects = {

/* Begin PBXBuildFile section */
		79107D9823FE3AD90095EAC6 /* thing.png in Resources */ = {isa = PBXBuildFile; fileRef = 79107D9723FE3AD90095EAC6 /* thing.png */; };
		7953CF8C23FDD1B300F0DDBE /* AppDelegate.swift in Sources */ = {isa = PBXBuildFile; fileRef = 7953CF8B23FDD1B300F0DDBE /* AppDelegate.swift */; };
		7953CF8E23FDD1B300F0DDBE /* SceneDelegate.swift in Sources */ = {isa = PBXBuildFile; fileRef = 7953CF8D23FDD1B300F0DDBE /* SceneDelegate.swift */; };
		7953CF9023FDD1B300F0DDBE /* ViewController.swift in Sources */ = {isa = PBXBuildFile; fileRef = 7953CF8F23FDD1B300F0DDBE /* ViewController.swift */; };
		7953CF9323FDD1B300F0DDBE /* Main.storyboard in Resources */ = {isa = PBXBuildFile; fileRef = 7953CF9123FDD1B300F0DDBE /* Main.storyboard */; };
		7953CF9523FDD1B700F0DDBE /* Assets.xcassets in Resources */ = {isa = PBXBuildFile; fileRef = 7953CF9423FDD1B700F0DDBE /* Assets.xcassets */; };
		7953CF9823FDD1B700F0DDBE /* LaunchScreen.storyboard in Resources */ = {isa = PBXBuildFile; fileRef = 7953CF9623FDD1B700F0DDBE /* LaunchScreen.storyboard */; };
		79974452248498F400FC2F39 /* clear.png in Resources */ = {isa = PBXBuildFile; fileRef = 79974451248498F400FC2F39 /* clear.png */; };
/* End PBXBuildFile section */

/* Begin PBXFileReference section */
		79107D9723FE3AD90095EAC6 /* thing.png */ = {isa = PBXFileReference; lastKnownFileType = image.png; path = thing.png; sourceTree = SOURCE_ROOT; };
		7953CF8823FDD1B300F0DDBE /* Picker.app */ = {isa = PBXFileReference; explicitFileType = wrapper.application; includeInIndex = 0; path = Picker.app; sourceTree = BUILT_PRODUCTS_DIR; };
		7953CF8B23FDD1B300F0DDBE /* AppDelegate.swift */ = {isa = PBXFileReference; lastKnownFileType = sourcecode.swift; path = AppDelegate.swift; sourceTree = "<group>"; };
		7953CF8D23FDD1B300F0DDBE /* SceneDelegate.swift */ = {isa = PBXFileReference; lastKnownFileType = sourcecode.swift; path = SceneDelegate.swift; sourceTree = "<group>"; };
		7953CF8F23FDD1B300F0DDBE /* ViewController.swift */ = {isa = PBXFileReference; lastKnownFileType = sourcecode.swift; path = ViewController.swift; sourceTree = "<group>"; };
		7953CF9223FDD1B300F0DDBE /* Base */ = {isa = PBXFileReference; lastKnownFileType = file.storyboard; name = Base; path = Base.lproj/Main.storyboard; sourceTree = "<group>"; };
		7953CF9423FDD1B700F0DDBE /* Assets.xcassets */ = {isa = PBXFileReference; lastKnownFileType = folder.assetcatalog; path = Assets.xcassets; sourceTree = "<group>"; };
		7953CF9723FDD1B700F0DDBE /* Base */ = {isa = PBXFileReference; lastKnownFileType = file.storyboard; name = Base; path = Base.lproj/LaunchScreen.storyboard; sourceTree = "<group>"; };
		7953CF9923FDD1B700F0DDBE /* Info.plist */ = {isa = PBXFileReference; lastKnownFileType = text.plist.xml; path = Info.plist; sourceTree = "<group>"; };
		79974451248498F400FC2F39 /* clear.png */ = {isa = PBXFileReference; lastKnownFileType = image.png; path = clear.png; sourceTree = SOURCE_ROOT; };
/* End PBXFileReference section */

/* Begin PBXFrameworksBuildPhase section */
		7953CF8523FDD1B300F0DDBE /* Frameworks */ = {
			isa = PBXFrameworksBuildPhase;
			buildActionMask = 2147483647;
			files = (
			);
			runOnlyForDeploymentPostprocessing = 0;
		};
/* End PBXFrameworksBuildPhase section */

/* Begin PBXGroup section */
		7953CF7F23FDD1B300F0DDBE = {
			isa = PBXGroup;
			children = (
				7953CF8A23FDD1B300F0DDBE /* Picker */,
				7953CF8923FDD1B300F0DDBE /* Products */,
			);
			sourceTree = "<group>";
		};
		7953CF8923FDD1B300F0DDBE /* Products */ = {
			isa = PBXGroup;
			children = (
				7953CF8823FDD1B300F0DDBE /* Picker.app */,
			);
			name = Products;
			sourceTree = "<group>";
		};
		7953CF8A23FDD1B300F0DDBE /* Picker */ = {
			isa = PBXGroup;
			children = (
				7953CF8B23FDD1B300F0DDBE /* AppDelegate.swift */,
				7953CF8D23FDD1B300F0DDBE /* SceneDelegate.swift */,
				7953CF8F23FDD1B300F0DDBE /* ViewController.swift */,
				7953CF9123FDD1B300F0DDBE /* Main.storyboard */,
				7953CF9423FDD1B700F0DDBE /* Assets.xcassets */,
				7953CF9623FDD1B700F0DDBE /* LaunchScreen.storyboard */,
				7953CF9923FDD1B700F0DDBE /* Info.plist */,
				79107D9723FE3AD90095EAC6 /* thing.png */,
				79974451248498F400FC2F39 /* clear.png */,
			);
			path = Picker;
			sourceTree = "<group>";
		};
/* End PBXGroup section */

/* Begin PBXNativeTarget section */
		7953CF8723FDD1B300F0DDBE /* Picker */ = {
			isa = PBXNativeTarget;
			buildConfigurationList = 7953CF9C23FDD1B700F0DDBE /* Build configuration list for PBXNativeTarget "Picker" */;
			buildPhases = (
				7953CF8423FDD1B300F0DDBE /* Sources */,
				7953CF8523FDD1B300F0DDBE /* Frameworks */,
				7953CF8623FDD1B300F0DDBE /* Resources */,
			);
			buildRules = (
			);
			dependencies = (
			);
			name = Picker;
			productName = Picker;
			productReference = 7953CF8823FDD1B300F0DDBE /* Picker.app */;
			productType = "com.apple.product-type.application";
		};
/* End PBXNativeTarget section */

/* Begin PBXProject section */
		7953CF8023FDD1B300F0DDBE /* Project object */ = {
			isa = PBXProject;
			attributes = {
				LastSwiftUpdateCheck = 1130;
				LastUpgradeCheck = 1130;
				ORGANIZATIONNAME = "Richard Zheng";
				TargetAttributes = {
					7953CF8723FDD1B300F0DDBE = {
						CreatedOnToolsVersion = 11.3.1;
					};
				};
			};
			buildConfigurationList = 7953CF8323FDD1B300F0DDBE /* Build configuration list for PBXProject "Picker" */;
			compatibilityVersion = "Xcode 9.3";
			developmentRegion = en;
			hasScannedForEncodings = 0;
			knownRegions = (
				en,
				Base,
			);
			mainGroup = 7953CF7F23FDD1B300F0DDBE;
			productRefGroup = 7953CF8923FDD1B300F0DDBE /* Products */;
			projectDirPath = "";
			projectRoot = "";
			targets = (
				7953CF8723FDD1B300F0DDBE /* Picker */,
			);
		};
/* End PBXProject section */

/* Begin PBXResourcesBuildPhase section */
		7953CF8623FDD1B300F0DDBE /* Resources */ = {
			isa = PBXResourcesBuildPhase;
			buildActionMask = 2147483647;
			files = (
				7953CF9823FDD1B700F0DDBE /* LaunchScreen.storyboard in Resources */,
				7953CF9523FDD1B700F0DDBE /* Assets.xcassets in Resources */,
				79974452248498F400FC2F39 /* clear.png in Resources */,
				79107D9823FE3AD90095EAC6 /* thing.png in Resources */,
				7953CF9323FDD1B300F0DDBE /* Main.storyboard in Resources */,
			);
			runOnlyForDeploymentPostprocessing = 0;
		};
/* End PBXResourcesBuildPhase section */

/* Begin PBXSourcesBuildPhase section */
		7953CF8423FDD1B300F0DDBE /* Sources */ = {
			isa = PBXSourcesBuildPhase;
			buildActionMask = 2147483647;
			files = (
				7953CF9023FDD1B300F0DDBE /* ViewController.swift in Sources */,
				7953CF8C23FDD1B300F0DDBE /* AppDelegate.swift in Sources */,
				7953CF8E23FDD1B300F0DDBE /* SceneDelegate.swift in Sources */,
			);
			runOnlyForDeploymentPostprocessing = 0;
		};
/* End PBXSourcesBuildPhase section */

/* Begin PBXVariantGroup section */
		7953CF9123FDD1B300F0DDBE /* Main.storyboard */ = {
			isa = PBXVariantGroup;
			children = (
				7953CF9223FDD1B300F0DDBE /* Base */,
			);
			name = Main.storyboard;
			sourceTree = "<group>";
		};
		7953CF9623FDD1B700F0DDBE /* LaunchScreen.storyboard */ = {
			isa = PBXVariantGroup;
			children = (
				7953CF9723FDD1B700F0DDBE /* Base */,
			);
			name = LaunchScreen.storyboard;
			sourceTree = "<group>";
		};
/* End PBXVariantGroup section */

/* Begin XCBuildConfiguration section */
		7953CF9A23FDD1B700F0DDBE /* Debug */ = {
			isa = XCBuildConfiguration;
			buildSettings = {
				ALWAYS_SEARCH_USER_PATHS = NO;
				CLANG_ANALYZER_NONNULL = YES;
				CLANG_ANALYZER_NUMBER_OBJECT_CONVERSION = YES_AGGRESSIVE;
				CLANG_CXX_LANGUAGE_STANDARD = "gnu++14";
				CLANG_CXX_LIBRARY = "libc++";
				CLANG_ENABLE_MODULES = YES;
				CLANG_ENABLE_OBJC_ARC = YES;
				CLANG_ENABLE_OBJC_WEAK = YES;
				CLANG_WARN_BLOCK_CAPTURE_AUTORELEASING = YES;
				CLANG_WARN_BOOL_CONVERSION = YES;
				CLANG_WARN_COMMA = YES;
				CLANG_WARN_CONSTANT_CONVERSION = YES;
				CLANG_WARN_DEPRECATED_OBJC_IMPLEMENTATIONS = YES;
				CLANG_WARN_DIRECT_OBJC_ISA_USAGE = YES_ERROR;
				CLANG_WARN_DOCUMENTATION_COMMENTS = YES;
				CLANG_WARN_EMPTY_BODY = YES;
				CLANG_WARN_ENUM_CONVERSION = YES;
				CLANG_WARN_INFINITE_RECURSION = YES;
				CLANG_WARN_INT_CONVERSION = YES;
				CLANG_WARN_NON_LITERAL_NULL_CONVERSION = YES;
				CLANG_WARN_OBJC_IMPLICIT_RETAIN_SELF = YES;
				CLANG_WARN_OBJC_LITERAL_CONVERSION = YES;
				CLANG_WARN_OBJC_ROOT_CLASS = YES_ERROR;
				CLANG_WARN_RANGE_LOOP_ANALYSIS = YES;
				CLANG_WARN_STRICT_PROTOTYPES = YES;
				CLANG_WARN_SUSPICIOUS_MOVE = YES;
				CLANG_WARN_UNGUARDED_AVAILABILITY = YES_AGGRESSIVE;
				CLANG_WARN_UNREACHABLE_CODE = YES;
				CLANG_WARN__DUPLICATE_METHOD_MATCH = YES;
				COPY_PHASE_STRIP = NO;
				DEBUG_INFORMATION_FORMAT = dwarf;
				ENABLE_STRICT_OBJC_MSGSEND = YES;
				ENABLE_TESTABILITY = YES;
				GCC_C_LANGUAGE_STANDARD = gnu11;
				GCC_DYNAMIC_NO_PIC = NO;
				GCC_NO_COMMON_BLOCKS = YES;
				GCC_OPTIMIZATION_LEVEL = 0;
				GCC_PREPROCESSOR_DEFINITIONS = (
					"DEBUG=1",
					"$(inherited)",
				);
				GCC_WARN_64_TO_32_BIT_CONVERSION = YES;
				GCC_WARN_ABOUT_RETURN_TYPE = YES_ERROR;
				GCC_WARN_UNDECLARED_SELECTOR = YES;
				GCC_WARN_UNINITIALIZED_AUTOS = YES_AGGRESSIVE;
				GCC_WARN_UNUSED_FUNCTION = YES;
				GCC_WARN_UNUSED_VARIABLE = YES;
				IPHONEOS_DEPLOYMENT_TARGET = 13.2;
				MTL_ENABLE_DEBUG_INFO = INCLUDE_SOURCE;
				MTL_FAST_MATH = YES;
				ONLY_ACTIVE_ARCH = YES;
				SDKROOT = iphoneos;
				SWIFT_ACTIVE_COMPILATION_CONDITIONS = DEBUG;
				SWIFT_OPTIMIZATION_LEVEL = "-Onone";
			};
			name = Debug;
		};
		7953CF9B23FDD1B700F0DDBE /* Release */ = {
			isa = XCBuildConfiguration;
			buildSettings = {
				ALWAYS_SEARCH_USER_PATHS = NO;
				CLANG_ANALYZER_NONNULL = YES;
				CLANG_ANALYZER_NUMBER_OBJECT_CONVERSION = YES_AGGRESSIVE;
				CLANG_CXX_LANGUAGE_STANDARD = "gnu++14";
				CLANG_CXX_LIBRARY = "libc++";
				CLANG_ENABLE_MODULES = YES;
				CLANG_ENABLE_OBJC_ARC = YES;
				CLANG_ENABLE_OBJC_WEAK = YES;
				CLANG_WARN_BLOCK_CAPTURE_AUTORELEASING = YES;
				CLANG_WARN_BOOL_CONVERSION = YES;
				CLANG_WARN_COMMA = YES;
				CLANG_WARN_CONSTANT_CONVERSION = YES;
				CLANG_WARN_DEPRECATED_OBJC_IMPLEMENTATIONS = YES;
				CLANG_WARN_DIRECT_OBJC_ISA_USAGE = YES_ERROR;
				CLANG_WARN_DOCUMENTATION_COMMENTS = YES;
				CLANG_WARN_EMPTY_BODY = YES;
				CLANG_WARN_ENUM_CONVERSION = YES;
				CLANG_WARN_INFINITE_RECURSION = YES;
				CLANG_WARN_INT_CONVERSION = YES;
				CLANG_WARN_NON_LITERAL_NULL_CONVERSION = YES;
				CLANG_WARN_OBJC_IMPLICIT_RETAIN_SELF = YES;
				CLANG_WARN_OBJC_LITERAL_CONVERSION = YES;
				CLANG_WARN_OBJC_ROOT_CLASS = YES_ERROR;
				CLANG_WARN_RANGE_LOOP_ANALYSIS = YES;
				CLANG_WARN_STRICT_PROTOTYPES = YES;
				CLANG_WARN_SUSPICIOUS_MOVE = YES;
				CLANG_WARN_UNGUARDED_AVAILABILITY = YES_AGGRESSIVE;
				CLANG_WARN_UNREACHABLE_CODE = YES;
				CLANG_WARN__DUPLICATE_METHOD_MATCH = YES;
				COPY_PHASE_STRIP = NO;
				DEBUG_INFORMATION_FORMAT = "dwarf-with-dsym";
				ENABLE_NS_ASSERTIONS = NO;
				ENABLE_STRICT_OBJC_MSGSEND = YES;
				GCC_C_LANGUAGE_STANDARD = gnu11;
				GCC_NO_COMMON_BLOCKS = YES;
				GCC_WARN_64_TO_32_BIT_CONVERSION = YES;
				GCC_WARN_ABOUT_RETURN_TYPE = YES_ERROR;
				GCC_WARN_UNDECLARED_SELECTOR = YES;
				GCC_WARN_UNINITIALIZED_AUTOS = YES_AGGRESSIVE;
				GCC_WARN_UNUSED_FUNCTION = YES;
				GCC_WARN_UNUSED_VARIABLE = YES;
				IPHONEOS_DEPLOYMENT_TARGET = 13.2;
				MTL_ENABLE_DEBUG_INFO = NO;
				MTL_FAST_MATH = YES;
				SDKROOT = iphoneos;
				SWIFT_COMPILATION_MODE = wholemodule;
				SWIFT_OPTIMIZATION_LEVEL = "-O";
				VALIDATE_PRODUCT = YES;
			};
			name = Release;
		};
		7953CF9D23FDD1B700F0DDBE /* Debug */ = {
			isa = XCBuildConfiguration;
			buildSettings = {
				ASSETCATALOG_COMPILER_APPICON_NAME = AppIcon;
				CODE_SIGN_STYLE = Automatic;
				DEVELOPMENT_TEAM = FXQXW7QLKM;
				INFOPLIST_FILE = Picker/Info.plist;
				LD_RUNPATH_SEARCH_PATHS = (
					"$(inherited)",
					"@executable_path/Frameworks",
				);
				PRODUCT_BUNDLE_IDENTIFIER = binghamton.Picker;
				PRODUCT_NAME = "$(TARGET_NAME)";
				SWIFT_VERSION = 5.0;
				TARGETED_DEVICE_FAMILY = "1,2";
			};
			name = Debug;
		};
		7953CF9E23FDD1B700F0DDBE /* Release */ = {
			isa = XCBuildConfiguration;
			buildSettings = {
				ASSETCATALOG_COMPILER_APPICON_NAME = AppIcon;
				CODE_SIGN_STYLE = Automatic;
				DEVELOPMENT_TEAM = FXQXW7QLKM;
				INFOPLIST_FILE = Picker/Info.plist;
				LD_RUNPATH_SEARCH_PATHS = (
					"$(inherited)",
					"@executable_path/Frameworks",
				);
				PRODUCT_BUNDLE_IDENTIFIER = binghamton.Picker;
				PRODUCT_NAME = "$(TARGET_NAME)";
				SWIFT_VERSION = 5.0;
				TARGETED_DEVICE_FAMILY = "1,2";
			};
			name = Release;
		};
/* End XCBuildConfiguration section */

/* Begin XCConfigurationList section */
		7953CF8323FDD1B300F0DDBE /* Build configuration list for PBXProject "Picker" */ = {
			isa = XCConfigurationList;
			buildConfigurations = (
				7953CF9A23FDD1B700F0DDBE /* Debug */,
				7953CF9B23FDD1B700F0DDBE /* Release */,
			);
			defaultConfigurationIsVisible = 0;
			defaultConfigurationName = Release;
		};
		7953CF9C23FDD1B700F0DDBE /* Build configuration list for PBXNativeTarget "Picker" */ = {
			isa = XCConfigurationList;
			buildConfigurations = (
				7953CF9D23FDD1B700F0DDBE /* Debug */,
				7953CF9E23FDD1B700F0DDBE /* Release */,
			);
			defaultConfigurationIsVisible = 0;
			defaultConfigurationName = Release;
		};
/* End XCConfigurationList section */
	};
	rootObject = 7953CF8023FDD1B300F0DDBE /* Project object */;
}
